{
  "name": "cse-final-judgement-hau-trieu-kiet-phuc-2324",
  "lockfileVersion": 3,
  "requires": true,
  "packages": {
    "": {
      "dependencies": {
        "draft-js": "^0.11.7",
        "draftjs-to-html": "^0.9.1",
        "html-react-parser": "^5.1.8",
        "mobx": "^6.12.0",
        "react-draft-wysiwyg": "^1.15.0",
        "string-strip-html": "^13.4.6"
      }
    },
    "node_modules/@types/lodash": {
      "version": "4.14.202",
      "resolved": "https://registry.npmjs.org/@types/lodash/-/lodash-4.14.202.tgz",
      "integrity": "sha512-OvlIYQK9tNneDlS0VN54LLd5uiPCBOp7gS5Z0f1mjoJYBrtStzgmJBxONW3U6OZqdtNzZPmn9BS/7WI7BFFcFQ=="
    },
    "node_modules/@types/lodash-es": {
      "version": "4.17.12",
      "resolved": "https://registry.npmjs.org/@types/lodash-es/-/lodash-es-4.17.12.tgz",
      "integrity": "sha512-0NgftHUcV4v34VhXm8QBSftKVXtbkBG3ViCjs6+eJ5a6y6Mi/jiFGPc1sC7QK+9BFhWrURE3EOggmWaSxL9OzQ==",
      "dependencies": {
        "@types/lodash": "*"
      }
    },
    "node_modules/asap": {
      "version": "2.0.6",
      "resolved": "https://registry.npmjs.org/asap/-/asap-2.0.6.tgz",
      "integrity": "sha512-BSHWgDSAiKs50o2Re8ppvp3seVHXSRM44cdSsT9FfNEUUZLOGWVCsiWaRPWM1Znn+mqZ1OfVZ3z3DWEzSp7hRA=="
    },
    "node_modules/classnames": {
      "version": "2.5.1",
      "resolved": "https://registry.npmjs.org/classnames/-/classnames-2.5.1.tgz",
      "integrity": "sha512-saHYOzhIQs6wy2sVxTM6bUDsQO4F50V9RQ22qBpEdCW+I+/Wmke2HOl6lS6dTpdxVhb88/I6+Hs+438c3lfUow=="
    },
    "node_modules/codsen-utils": {
      "version": "1.6.4",
      "resolved": "https://registry.npmjs.org/codsen-utils/-/codsen-utils-1.6.4.tgz",
      "integrity": "sha512-PDyvQ5f2PValmqZZIJATimcokDt4JjIev8cKbZgEOoZm+U1IJDYuLeTcxZPQdep99R/X0RIlQ6ReQgPOVnPbNw==",
      "dependencies": {
        "rfdc": "^1.3.1"
      },
      "engines": {
        "node": ">=14.18.0"
      }
    },
    "node_modules/core-js": {
      "version": "3.36.0",
      "resolved": "https://registry.npmjs.org/core-js/-/core-js-3.36.0.tgz",
      "integrity": "sha512-mt7+TUBbTFg5+GngsAxeKBTl5/VS0guFeJacYge9OmHb+m058UwwIm41SE9T4Den7ClatV57B6TYTuJ0CX1MAw==",
      "hasInstallScript": true,
      "funding": {
        "type": "opencollective",
        "url": "https://opencollective.com/core-js"
      }
    },
    "node_modules/cross-fetch": {
      "version": "3.1.8",
      "resolved": "https://registry.npmjs.org/cross-fetch/-/cross-fetch-3.1.8.tgz",
      "integrity": "sha512-cvA+JwZoU0Xq+h6WkMvAUqPEYy92Obet6UdKLfW60qn99ftItKjB5T+BkyWOFWe2pUyfQ+IJHmpOTznqk1M6Kg==",
      "dependencies": {
        "node-fetch": "^2.6.12"
      }
    },
    "node_modules/dom-serializer": {
      "version": "2.0.0",
      "resolved": "https://registry.npmjs.org/dom-serializer/-/dom-serializer-2.0.0.tgz",
      "integrity": "sha512-wIkAryiqt/nV5EQKqQpo3SToSOV9J0DnbJqwK7Wv/Trc92zIAYZ4FlMu+JPFW1DfGFt81ZTCGgDEabffXeLyJg==",
      "dependencies": {
        "domelementtype": "^2.3.0",
        "domhandler": "^5.0.2",
        "entities": "^4.2.0"
      },
      "funding": {
        "url": "https://github.com/cheeriojs/dom-serializer?sponsor=1"
      }
    },
    "node_modules/domelementtype": {
      "version": "2.3.0",
      "resolved": "https://registry.npmjs.org/domelementtype/-/domelementtype-2.3.0.tgz",
      "integrity": "sha512-OLETBj6w0OsagBwdXnPdN0cnMfF9opN69co+7ZrbfPGrdpPVNBUj02spi6B1N7wChLQiPn4CSH/zJvXw56gmHw==",
      "funding": [
        {
          "type": "github",
          "url": "https://github.com/sponsors/fb55"
        }
      ]
    },
    "node_modules/domhandler": {
      "version": "5.0.3",
      "resolved": "https://registry.npmjs.org/domhandler/-/domhandler-5.0.3.tgz",
      "integrity": "sha512-cgwlv/1iFQiFnU96XXgROh8xTeetsnJiDsTc7TYCLFd9+/WNkIqPTxiM/8pSd8VIrhXGTf1Ny1q1hquVqDJB5w==",
      "dependencies": {
        "domelementtype": "^2.3.0"
      },
      "engines": {
        "node": ">= 4"
      },
      "funding": {
        "url": "https://github.com/fb55/domhandler?sponsor=1"
      }
    },
    "node_modules/domutils": {
      "version": "3.1.0",
      "resolved": "https://registry.npmjs.org/domutils/-/domutils-3.1.0.tgz",
      "integrity": "sha512-H78uMmQtI2AhgDJjWeQmHwJJ2bLPD3GMmO7Zja/ZZh84wkm+4ut+IUnUdRa8uCGX88DiVx1j6FRe1XfxEgjEZA==",
      "dependencies": {
        "dom-serializer": "^2.0.0",
        "domelementtype": "^2.3.0",
        "domhandler": "^5.0.3"
      },
      "funding": {
        "url": "https://github.com/fb55/domutils?sponsor=1"
      }
    },
    "node_modules/draft-js": {
      "version": "0.11.7",
      "resolved": "https://registry.npmjs.org/draft-js/-/draft-js-0.11.7.tgz",
      "integrity": "sha512-ne7yFfN4sEL82QPQEn80xnADR8/Q6ALVworbC5UOSzOvjffmYfFsr3xSZtxbIirti14R7Y33EZC5rivpLgIbsg==",
      "dependencies": {
        "fbjs": "^2.0.0",
        "immutable": "~3.7.4",
        "object-assign": "^4.1.1"
      },
      "peerDependencies": {
        "react": ">=0.14.0",
        "react-dom": ">=0.14.0"
      }
    },
    "node_modules/draftjs-to-html": {
      "version": "0.9.1",
      "resolved": "https://registry.npmjs.org/draftjs-to-html/-/draftjs-to-html-0.9.1.tgz",
      "integrity": "sha512-fFstE6+IayaVFBEvaFt/wN8vdj8FsTRzij7dy7LI9QIwf5LgfHFi9zSpvCg+feJ2tbYVqHxUkjcibwpsTpgFVQ=="
    },
    "node_modules/draftjs-utils": {
      "version": "0.10.2",
      "resolved": "https://registry.npmjs.org/draftjs-utils/-/draftjs-utils-0.10.2.tgz",
      "integrity": "sha512-EstHqr3R3JVcilJrBaO/A+01GvwwKmC7e4TCjC7S94ZeMh4IVmf60OuQXtHHpwItK8C2JCi3iljgN5KHkJboUg==",
      "peerDependencies": {
        "draft-js": "^0.11.x",
        "immutable": "3.x.x || 4.x.x"
      }
    },
    "node_modules/entities": {
      "version": "4.5.0",
      "resolved": "https://registry.npmjs.org/entities/-/entities-4.5.0.tgz",
      "integrity": "sha512-V0hjH4dGPh9Ao5p0MoRY6BVqtwCjhz6vI5LT8AJ55H+4g9/4vbHx1I54fS0XuclLhDHArPQCiMjDxjaL8fPxhw==",
      "engines": {
        "node": ">=0.12"
      },
      "funding": {
        "url": "https://github.com/fb55/entities?sponsor=1"
      }
    },
    "node_modules/fbjs": {
      "version": "2.0.0",
      "resolved": "https://registry.npmjs.org/fbjs/-/fbjs-2.0.0.tgz",
      "integrity": "sha512-8XA8ny9ifxrAWlyhAbexXcs3rRMtxWcs3M0lctLfB49jRDHiaxj+Mo0XxbwE7nKZYzgCFoq64FS+WFd4IycPPQ==",
      "dependencies": {
        "core-js": "^3.6.4",
        "cross-fetch": "^3.0.4",
        "fbjs-css-vars": "^1.0.0",
        "loose-envify": "^1.0.0",
        "object-assign": "^4.1.0",
        "promise": "^7.1.1",
        "setimmediate": "^1.0.5",
        "ua-parser-js": "^0.7.18"
      }
    },
    "node_modules/fbjs-css-vars": {
      "version": "1.0.2",
      "resolved": "https://registry.npmjs.org/fbjs-css-vars/-/fbjs-css-vars-1.0.2.tgz",
      "integrity": "sha512-b2XGFAFdWZWg0phtAWLHCk836A1Xann+I+Dgd3Gk64MHKZO44FfoD1KxyvbSh0qZsIoXQGGlVztIY+oitJPpRQ=="
    },
    "node_modules/html-dom-parser": {
      "version": "5.0.8",
      "resolved": "https://registry.npmjs.org/html-dom-parser/-/html-dom-parser-5.0.8.tgz",
      "integrity": "sha512-vuWiX9EXgu8CJ5m9EP5c7bvBmNSuQVnrY8tl0z0ZX96Uth1IPlYH/8W8VZ/hBajFf18EN+j2pukbCNd01HEd1w==",
      "dependencies": {
        "domhandler": "5.0.3",
        "htmlparser2": "9.1.0"
      }
    },
    "node_modules/html-entities": {
      "version": "2.5.2",
      "resolved": "https://registry.npmjs.org/html-entities/-/html-entities-2.5.2.tgz",
      "integrity": "sha512-K//PSRMQk4FZ78Kyau+mZurHn3FH0Vwr+H36eE0rPbeYkRRi9YxceYPhuN60UwWorxyKHhqoAJl2OFKa4BVtaA==",
      "funding": [
        {
          "type": "github",
          "url": "https://github.com/sponsors/mdevils"
        },
        {
          "type": "patreon",
          "url": "https://patreon.com/mdevils"
        }
      ]
    },
    "node_modules/html-react-parser": {
      "version": "5.1.8",
      "resolved": "https://registry.npmjs.org/html-react-parser/-/html-react-parser-5.1.8.tgz",
      "integrity": "sha512-oAXgUB4JYHFg4le3RQZtoge1TGMkwXSZPiWiexwdx3AuldgG+QEvbwMrscSViu90JNje3V4Zq5gCUSoTxa0W0A==",
      "dependencies": {
        "domhandler": "5.0.3",
        "html-dom-parser": "5.0.8",
        "react-property": "2.0.2",
        "style-to-js": "1.1.10"
      },
      "peerDependencies": {
        "@types/react": "17 || 18",
        "react": "0.14 || 15 || 16 || 17 || 18"
      },
      "peerDependenciesMeta": {
        "@types/react": {
          "optional": true
        }
      }
    },
    "node_modules/html-to-draftjs": {
      "version": "1.5.0",
      "resolved": "https://registry.npmjs.org/html-to-draftjs/-/html-to-draftjs-1.5.0.tgz",
      "integrity": "sha512-kggLXBNciKDwKf+KYsuE+V5gw4dZ7nHyGMX9m0wy7urzWjKGWyNFetmArRLvRV0VrxKN70WylFsJvMTJx02OBQ==",
      "peerDependencies": {
        "draft-js": "^0.10.x || ^0.11.x",
        "immutable": "3.x.x || 4.x.x"
      }
    },
    "node_modules/htmlparser2": {
      "version": "9.1.0",
      "resolved": "https://registry.npmjs.org/htmlparser2/-/htmlparser2-9.1.0.tgz",
      "integrity": "sha512-5zfg6mHUoaer/97TxnGpxmbR7zJtPwIYFMZ/H5ucTlPZhKvtum05yiPK3Mgai3a0DyVxv7qYqoweaEd2nrYQzQ==",
      "funding": [
        "https://github.com/fb55/htmlparser2?sponsor=1",
        {
          "type": "github",
          "url": "https://github.com/sponsors/fb55"
        }
      ],
      "dependencies": {
        "domelementtype": "^2.3.0",
        "domhandler": "^5.0.3",
        "domutils": "^3.1.0",
        "entities": "^4.5.0"
      }
    },
    "node_modules/immutable": {
      "version": "3.7.6",
      "resolved": "https://registry.npmjs.org/immutable/-/immutable-3.7.6.tgz",
      "integrity": "sha512-AizQPcaofEtO11RZhPPHBOJRdo/20MKQF9mBLnVkBoyHi1/zXK8fzVdnEpSV9gxqtnh6Qomfp3F0xT5qP/vThw==",
      "engines": {
        "node": ">=0.8.0"
      }
    },
    "node_modules/inline-style-parser": {
      "version": "0.2.2",
      "resolved": "https://registry.npmjs.org/inline-style-parser/-/inline-style-parser-0.2.2.tgz",
      "integrity": "sha512-EcKzdTHVe8wFVOGEYXiW9WmJXPjqi1T+234YpJr98RiFYKHV3cdy1+3mkTE+KHTHxFFLH51SfaGOoUdW+v7ViQ=="
    },
    "node_modules/js-tokens": {
      "version": "4.0.0",
      "resolved": "https://registry.npmjs.org/js-tokens/-/js-tokens-4.0.0.tgz",
      "integrity": "sha512-RdJUflcE3cUzKiMqQgsCu06FPu9UdIJO0beYbPhHN4k6apgJtifcoCtT9bcxOpYBtpD2kCM6Sbzg4CausW/PKQ=="
    },
    "node_modules/linkify-it": {
      "version": "2.2.0",
      "resolved": "https://registry.npmjs.org/linkify-it/-/linkify-it-2.2.0.tgz",
      "integrity": "sha512-GnAl/knGn+i1U/wjBz3akz2stz+HrHLsxMwHQGofCDfPvlf+gDKN58UtfmUquTY4/MXeE2x7k19KQmeoZi94Iw==",
      "dependencies": {
        "uc.micro": "^1.0.1"
      }
    },
    "node_modules/lodash-es": {
      "version": "4.17.21",
      "resolved": "https://registry.npmjs.org/lodash-es/-/lodash-es-4.17.21.tgz",
      "integrity": "sha512-mKnC+QJ9pWVzv+C4/U3rRsHapFfHvQFoFB92e52xeyGMcX6/OlIl78je1u8vePzYZSkkogMPJ2yjxxsb89cxyw=="
    },
    "node_modules/loose-envify": {
      "version": "1.4.0",
      "resolved": "https://registry.npmjs.org/loose-envify/-/loose-envify-1.4.0.tgz",
      "integrity": "sha512-lyuxPGr/Wfhrlem2CL/UcnUc1zcqKAImBDzukY7Y5F/yQiNdko6+fRLevlw1HgMySw7f611UIY408EtxRSoK3Q==",
      "dependencies": {
        "js-tokens": "^3.0.0 || ^4.0.0"
      },
      "bin": {
        "loose-envify": "cli.js"
      }
    },
    "node_modules/mobx": {
      "version": "6.12.0",
      "resolved": "https://registry.npmjs.org/mobx/-/mobx-6.12.0.tgz",
      "integrity": "sha512-Mn6CN6meXEnMa0a5u6a5+RKrqRedHBhZGd15AWLk9O6uFY4KYHzImdt8JI8WODo1bjTSRnwXhJox+FCUZhCKCQ==",
      "funding": {
        "type": "opencollective",
        "url": "https://opencollective.com/mobx"
      }
    },
    "node_modules/node-fetch": {
      "version": "2.7.0",
      "resolved": "https://registry.npmjs.org/node-fetch/-/node-fetch-2.7.0.tgz",
      "integrity": "sha512-c4FRfUm/dbcWZ7U+1Wq0AwCyFL+3nt2bEw05wfxSz+DWpWsitgmSgYmy2dQdWyKC1694ELPqMs/YzUSNozLt8A==",
      "dependencies": {
        "whatwg-url": "^5.0.0"
      },
      "engines": {
        "node": "4.x || >=6.0.0"
      },
      "peerDependencies": {
        "encoding": "^0.1.0"
      },
      "peerDependenciesMeta": {
        "encoding": {
          "optional": true
        }
      }
    },
    "node_modules/object-assign": {
      "version": "4.1.1",
      "resolved": "https://registry.npmjs.org/object-assign/-/object-assign-4.1.1.tgz",
      "integrity": "sha512-rJgTQnkUnH1sFw8yT6VSU3zD3sWmu6sZhIseY8VX+GRu3P6F7Fu+JNDoXfklElbLJSnc3FUQHVe4cU5hj+BcUg==",
      "engines": {
        "node": ">=0.10.0"
      }
    },
    "node_modules/promise": {
      "version": "7.3.1",
      "resolved": "https://registry.npmjs.org/promise/-/promise-7.3.1.tgz",
      "integrity": "sha512-nolQXZ/4L+bP/UGlkfaIujX9BKxGwmQ9OT4mOt5yvy8iK1h3wqTEJCijzGANTCCl9nWjY41juyAn2K3Q1hLLTg==",
      "dependencies": {
        "asap": "~2.0.3"
      }
    },
    "node_modules/prop-types": {
      "version": "15.8.1",
      "resolved": "https://registry.npmjs.org/prop-types/-/prop-types-15.8.1.tgz",
      "integrity": "sha512-oj87CgZICdulUohogVAR7AjlC0327U4el4L6eAvOqCeudMDVU0NThNaV+b9Df4dXgSP1gXMTnPdhfe/2qDH5cg==",
      "dependencies": {
        "loose-envify": "^1.4.0",
        "object-assign": "^4.1.1",
        "react-is": "^16.13.1"
      }
    },
    "node_modules/ranges-apply": {
      "version": "7.0.15",
      "resolved": "https://registry.npmjs.org/ranges-apply/-/ranges-apply-7.0.15.tgz",
      "integrity": "sha512-YMYWexEb5+irsSRGCV4JnWflhc5TvMNbaZrqNTXQYD6vA6hk60CrPZyd5bxTUoZ8Phd1v80UIQJCoxh+bSiHdg==",
      "dependencies": {
        "ranges-merge": "^9.0.15",
        "tiny-invariant": "^1.3.1"
      },
      "engines": {
        "node": ">=14.18.0"
      }
    },
    "node_modules/ranges-merge": {
      "version": "9.0.15",
      "resolved": "https://registry.npmjs.org/ranges-merge/-/ranges-merge-9.0.15.tgz",
      "integrity": "sha512-hvt4hx0FKIaVfjd1oKx0poL57ljxdL2KHC6bXBrAdsx2iCsH+x7nO/5J0k2veM/isnOcFZKp0ZKkiCjCtzy74Q==",
      "dependencies": {
        "ranges-push": "^7.0.15",
        "ranges-sort": "^6.0.11"
      },
      "engines": {
        "node": ">=14.18.0"
      }
    },
    "node_modules/ranges-push": {
      "version": "7.0.15",
      "resolved": "https://registry.npmjs.org/ranges-push/-/ranges-push-7.0.15.tgz",
      "integrity": "sha512-gXpBYQ5Umf3uG6jkJnw5ddok2Xfo5p22rAJBLrqzNKa7qkj3q5AOCoxfRPXEHUVaJutfXc9K9eGXdIzdyQKPkw==",
      "dependencies": {
        "codsen-utils": "^1.6.4",
        "ranges-sort": "^6.0.11",
        "string-collapse-leading-whitespace": "^7.0.7",
        "string-trim-spaces-only": "^5.0.10"
      },
      "engines": {
        "node": ">=14.18.0"
      }
    },
    "node_modules/ranges-sort": {
      "version": "6.0.11",
      "resolved": "https://registry.npmjs.org/ranges-sort/-/ranges-sort-6.0.11.tgz",
      "integrity": "sha512-fhNEG0vGi7bESitNNqNBAfYPdl2efB+1paFlI8BQDCNkruERKuuhG8LkQClDIVqUJLkrmKuOSPQ3xZHqVnVo3Q==",
      "engines": {
        "node": ">=14.18.0"
      }
    },
    "node_modules/react": {
      "version": "18.2.0",
      "resolved": "https://registry.npmjs.org/react/-/react-18.2.0.tgz",
      "integrity": "sha512-/3IjMdb2L9QbBdWiW5e3P2/npwMBaU9mHCSCUzNln0ZCYbcfTsGbTJrU/kGemdH2IWmB2ioZ+zkxtmq6g09fGQ==",
      "peer": true,
      "dependencies": {
        "loose-envify": "^1.1.0"
      },
      "engines": {
        "node": ">=0.10.0"
      }
    },
    "node_modules/react-dom": {
      "version": "18.2.0",
      "resolved": "https://registry.npmjs.org/react-dom/-/react-dom-18.2.0.tgz",
      "integrity": "sha512-6IMTriUmvsjHUjNtEDudZfuDQUoWXVxKHhlEGSk81n4YFS+r/Kl99wXiwlVXtPBtJenozv2P+hxDsw9eA7Xo6g==",
      "peer": true,
      "dependencies": {
        "loose-envify": "^1.1.0",
        "scheduler": "^0.23.0"
      },
      "peerDependencies": {
        "react": "^18.2.0"
      }
    },
    "node_modules/react-draft-wysiwyg": {
      "version": "1.15.0",
      "resolved": "https://registry.npmjs.org/react-draft-wysiwyg/-/react-draft-wysiwyg-1.15.0.tgz",
      "integrity": "sha512-p1cYZcWc6/ALFBVksbFoCM3b29fGQDlZLIMrXng0TU/UElxIOF2/AWWo4L5auIYVhmqKTZ0NkNjnXOzGGuxyeA==",
      "dependencies": {
        "classnames": "^2.2.6",
        "draftjs-utils": "^0.10.2",
        "html-to-draftjs": "^1.5.0",
        "linkify-it": "^2.2.0",
        "prop-types": "^15.7.2"
      },
      "peerDependencies": {
        "draft-js": "^0.10.x || ^0.11.x",
        "immutable": "3.x.x || 4.x.x",
        "react": "0.13.x || 0.14.x || ^15.0.0-0 || 15.x.x || ^16.0.0-0 || ^16.x.x || ^17.x.x || ^18.x.x",
        "react-dom": "0.13.x || 0.14.x || ^15.0.0-0 || 15.x.x || ^16.0.0-0 || ^16.x.x || ^17.x.x || ^18.x.x"
      }
    },
    "node_modules/react-is": {
      "version": "16.13.1",
      "resolved": "https://registry.npmjs.org/react-is/-/react-is-16.13.1.tgz",
      "integrity": "sha512-24e6ynE2H+OKt4kqsOvNd8kBpV65zoxbA4BVsEOB3ARVWQki/DHzaUoC5KuON/BiccDaCCTZBuOcfZs70kR8bQ=="
    },
    "node_modules/react-property": {
      "version": "2.0.2",
      "resolved": "https://registry.npmjs.org/react-property/-/react-property-2.0.2.tgz",
      "integrity": "sha512-+PbtI3VuDV0l6CleQMsx2gtK0JZbZKbpdu5ynr+lbsuvtmgbNcS3VM0tuY2QjFNOcWxvXeHjDpy42RO+4U2rug=="
    },
    "node_modules/rfdc": {
      "version": "1.3.1",
      "resolved": "https://registry.npmjs.org/rfdc/-/rfdc-1.3.1.tgz",
      "integrity": "sha512-r5a3l5HzYlIC68TpmYKlxWjmOP6wiPJ1vWv2HeLhNsRZMrCkxeqxiHlQ21oXmQ4F3SiryXBHhAD7JZqvOJjFmg=="
    },
    "node_modules/scheduler": {
      "version": "0.23.0",
      "resolved": "https://registry.npmjs.org/scheduler/-/scheduler-0.23.0.tgz",
      "integrity": "sha512-CtuThmgHNg7zIZWAXi3AsyIzA3n4xx7aNyjwC2VJldO2LMVDhFK+63xGqq6CsJH4rTAt6/M+N4GhZiDYPx9eUw==",
      "peer": true,
      "dependencies": {
        "loose-envify": "^1.1.0"
      }
    },
    "node_modules/setimmediate": {
      "version": "1.0.5",
      "resolved": "https://registry.npmjs.org/setimmediate/-/setimmediate-1.0.5.tgz",
      "integrity": "sha512-MATJdZp8sLqDl/68LfQmbP8zKPLQNV6BIZoIgrscFDQ+RsvK/BxeDQOgyxKKoh0y/8h3BqVFnCqQ/gd+reiIXA=="
    },
    "node_modules/string-collapse-leading-whitespace": {
      "version": "7.0.7",
      "resolved": "https://registry.npmjs.org/string-collapse-leading-whitespace/-/string-collapse-leading-whitespace-7.0.7.tgz",
      "integrity": "sha512-jF9eynJoE6ezTCdYI8Qb02/ij/DlU9ItG93Dty4SWfJeLFrotOr+wH9IRiWHTqO3mjCyqBWEiU3uSTIbxYbAEQ==",
      "engines": {
        "node": ">=14.18.0"
      }
    },
    "node_modules/string-left-right": {
      "version": "6.0.17",
      "resolved": "https://registry.npmjs.org/string-left-right/-/string-left-right-6.0.17.tgz",
      "integrity": "sha512-nuyIV4D4ivnwT64E0TudmCRg52NfkumuEUilyoOrHb/Z2wEOF5I+9SI6P+veFKqWKZfGpAs6OqKe4nAjujARyw==",
      "dependencies": {
        "codsen-utils": "^1.6.4",
        "rfdc": "^1.3.1"
      },
      "engines": {
        "node": ">=14.18.0"
      }
    },
    "node_modules/string-strip-html": {
      "version": "13.4.6",
      "resolved": "https://registry.npmjs.org/string-strip-html/-/string-strip-html-13.4.6.tgz",
      "integrity": "sha512-I1uUTS/BGQ/3jj+9WF6GENATSUPy9UruqVHdvAikOqlvFvlOAQL8M3qjoLu60Usp2x3yJpnAYtUTzDYiDdqXqg==",
      "dependencies": {
        "@types/lodash-es": "^4.17.12",
        "codsen-utils": "^1.6.4",
        "html-entities": "^2.4.0",
        "lodash-es": "^4.17.21",
        "ranges-apply": "^7.0.15",
        "ranges-push": "^7.0.15",
        "string-left-right": "^6.0.17"
      },
      "engines": {
        "node": ">=14.18.0"
      }
    },
    "node_modules/string-trim-spaces-only": {
      "version": "5.0.10",
      "resolved": "https://registry.npmjs.org/string-trim-spaces-only/-/string-trim-spaces-only-5.0.10.tgz",
      "integrity": "sha512-MhmjE5jNqb1Ylo+BARPRlsdChGLrnPpAUWrT1VOxo9WhWwKVUU6CbZTfjwKaQPYTGS/wsX/4Zek88FM2rEb5iA==",
      "engines": {
        "node": ">=14.18.0"
      }
    },
    "node_modules/style-to-js": {
      "version": "1.1.10",
      "resolved": "https://registry.npmjs.org/style-to-js/-/style-to-js-1.1.10.tgz",
      "integrity": "sha512-VC7MBJa+y0RZhpnLKDPmVRLRswsASLmixkiZ5R8xZpNT9VyjeRzwnXd2pBzAWdgSGv/pCNNH01gPCCUsB9exYg==",
      "dependencies": {
        "style-to-object": "1.0.5"
      }
    },
    "node_modules/style-to-object": {
      "version": "1.0.5",
      "resolved": "https://registry.npmjs.org/style-to-object/-/style-to-object-1.0.5.tgz",
      "integrity": "sha512-rDRwHtoDD3UMMrmZ6BzOW0naTjMsVZLIjsGleSKS/0Oz+cgCfAPRspaqJuE8rDzpKha/nEvnM0IF4seEAZUTKQ==",
      "dependencies": {
        "inline-style-parser": "0.2.2"
      }
    },
    "node_modules/tiny-invariant": {
      "version": "1.3.3",
      "resolved": "https://registry.npmjs.org/tiny-invariant/-/tiny-invariant-1.3.3.tgz",
      "integrity": "sha512-+FbBPE1o9QAYvviau/qC5SE3caw21q3xkvWKBtja5vgqOWIHHJ3ioaq1VPfn/Szqctz2bU/oYeKd9/z5BL+PVg=="
    },
    "node_modules/tr46": {
      "version": "0.0.3",
      "resolved": "https://registry.npmjs.org/tr46/-/tr46-0.0.3.tgz",
      "integrity": "sha512-N3WMsuqV66lT30CrXNbEjx4GEwlow3v6rr4mCcv6prnfwhS01rkgyFdjPNBYd9br7LpXV1+Emh01fHnq2Gdgrw=="
    },
    "node_modules/ua-parser-js": {
      "version": "0.7.37",
      "resolved": "https://registry.npmjs.org/ua-parser-js/-/ua-parser-js-0.7.37.tgz",
      "integrity": "sha512-xV8kqRKM+jhMvcHWUKthV9fNebIzrNy//2O9ZwWcfiBFR5f25XVZPLlEajk/sf3Ra15V92isyQqnIEXRDaZWEA==",
      "funding": [
        {
          "type": "opencollective",
          "url": "https://opencollective.com/ua-parser-js"
        },
        {
          "type": "paypal",
          "url": "https://paypal.me/faisalman"
        },
        {
          "type": "github",
          "url": "https://github.com/sponsors/faisalman"
        }
      ],
      "engines": {
        "node": "*"
      }
    },
    "node_modules/uc.micro": {
      "version": "1.0.6",
      "resolved": "https://registry.npmjs.org/uc.micro/-/uc.micro-1.0.6.tgz",
      "integrity": "sha512-8Y75pvTYkLJW2hWQHXxoqRgV7qb9B+9vFEtidML+7koHUFapnVJAZ6cKs+Qjz5Aw3aZWHMC6u0wJE3At+nSGwA=="
    },
    "node_modules/webidl-conversions": {
      "version": "3.0.1",
      "resolved": "https://registry.npmjs.org/webidl-conversions/-/webidl-conversions-3.0.1.tgz",
      "integrity": "sha512-2JAn3z8AR6rjK8Sm8orRC0h/bcl/DqL7tRPdGZ4I1CjdF+EaMLmYxBHyXuKL849eucPFhvBoxMsflfOb8kxaeQ=="
    },
    "node_modules/whatwg-url": {
      "version": "5.0.0",
      "resolved": "https://registry.npmjs.org/whatwg-url/-/whatwg-url-5.0.0.tgz",
      "integrity": "sha512-saE57nupxk6v3HY35+jzBwYa0rKSy0XR8JSxZPwgLr7ys0IBzhGviA1/TUGJLmSVqs8pb9AnvICXEuOHLprYTw==",
      "dependencies": {
        "tr46": "~0.0.3",
        "webidl-conversions": "^3.0.0"
      }
    }
  }
}
