
Microsoft Visual Studio Solution File, Format Version 12.00
# Visual Studio Version 17
VisualStudioVersion = 17.0.31903.59
MinimumVisualStudioVersion = 10.0.40219.1
Project("{FAE04EC0-301F-11D3-BF4B-00C04F79EFBC}") = "API", "API\API.csproj", "{1BD79B82-03C9-4502-B48B-B82DD57AF972}"
EndProject
Project("{FAE04EC0-301F-11D3-BF4B-00C04F79EFBC}") = "Application", "Application\Application.csproj", "{5020C7FC-835C-471D-A553-3819BF870AF9}"
EndProject
Project("{FAE04EC0-301F-11D3-BF4B-00C04F79EFBC}") = "Domain", "Domain\Domain.csproj", "{2A1887B3-DAD9-4F30-964C-492642CD9B77}"
EndProject
Project("{FAE04EC0-301F-11D3-BF4B-00C04F79EFBC}") = "Persistence", "Persistence\Persistence.csproj", "{8EB4654C-72C0-4D29-9234-47E3FD368AE8}"
EndProject
Global
	GlobalSection(SolutionConfigurationPlatforms) = preSolution
		Debug|Any CPU = Debug|Any CPU
		Release|Any CPU = Release|Any CPU
	EndGlobalSection
	GlobalSection(SolutionProperties) = preSolution
		HideSolutionNode = FALSE
	EndGlobalSection
	GlobalSection(ProjectConfigurationPlatforms) = postSolution
		{1BD79B82-03C9-4502-B48B-B82DD57AF972}.Debug|Any CPU.ActiveCfg = Debug|Any CPU
		{1BD79B82-03C9-4502-B48B-B82DD57AF972}.Debug|Any CPU.Build.0 = Debug|Any CPU
		{1BD79B82-03C9-4502-B48B-B82DD57AF972}.Release|Any CPU.ActiveCfg = Release|Any CPU
		{1BD79B82-03C9-4502-B48B-B82DD57AF972}.Release|Any CPU.Build.0 = Release|Any CPU
		{5020C7FC-835C-471D-A553-3819BF870AF9}.Debug|Any CPU.ActiveCfg = Debug|Any CPU
		{5020C7FC-835C-471D-A553-3819BF870AF9}.Debug|Any CPU.Build.0 = Debug|Any CPU
		{5020C7FC-835C-471D-A553-3819BF870AF9}.Release|Any CPU.ActiveCfg = Release|Any CPU
		{5020C7FC-835C-471D-A553-3819BF870AF9}.Release|Any CPU.Build.0 = Release|Any CPU
		{2A1887B3-DAD9-4F30-964C-492642CD9B77}.Debug|Any CPU.ActiveCfg = Debug|Any CPU
		{2A1887B3-DAD9-4F30-964C-492642CD9B77}.Debug|Any CPU.Build.0 = Debug|Any CPU
		{2A1887B3-DAD9-4F30-964C-492642CD9B77}.Release|Any CPU.ActiveCfg = Release|Any CPU
		{2A1887B3-DAD9-4F30-964C-492642CD9B77}.Release|Any CPU.Build.0 = Release|Any CPU
		{8EB4654C-72C0-4D29-9234-47E3FD368AE8}.Debug|Any CPU.ActiveCfg = Debug|Any CPU
		{8EB4654C-72C0-4D29-9234-47E3FD368AE8}.Debug|Any CPU.Build.0 = Debug|Any CPU
		{8EB4654C-72C0-4D29-9234-47E3FD368AE8}.Release|Any CPU.ActiveCfg = Release|Any CPU
		{8EB4654C-72C0-4D29-9234-47E3FD368AE8}.Release|Any CPU.Build.0 = Release|Any CPU
	EndGlobalSection
EndGlobal
